
Microsoft Visual Studio Solution File, Format Version 12.00
# Visual Studio Version 17
VisualStudioVersion = 17.7.34018.315
MinimumVisualStudioVersion = 10.0.40219.1
Project("{FAE04EC0-301F-11D3-BF4B-00C04F79EFBC}") = "lab2CalculoEdad", "lab2CalculoEdad\lab2CalculoEdad.csproj", "{60420E7A-3765-4F1B-A017-DFF6ACEFC726}"
EndProject
Global
	GlobalSection(SolutionConfigurationPlatforms) = preSolution
		Debug|Any CPU = Debug|Any CPU
		Release|Any CPU = Release|Any CPU
	EndGlobalSection
	GlobalSection(ProjectConfigurationPlatforms) = postSolution
		{60420E7A-3765-4F1B-A017-DFF6ACEFC726}.Debug|Any CPU.ActiveCfg = Debug|Any CPU
		{60420E7A-3765-4F1B-A017-DFF6ACEFC726}.Debug|Any CPU.Build.0 = Debug|Any CPU
		{60420E7A-3765-4F1B-A017-DFF6ACEFC726}.Release|Any CPU.ActiveCfg = Release|Any CPU
		{60420E7A-3765-4F1B-A017-DFF6ACEFC726}.Release|Any CPU.Build.0 = Release|Any CPU
	EndGlobalSection
	GlobalSection(SolutionProperties) = preSolution
		HideSolutionNode = FALSE
	EndGlobalSection
	GlobalSection(ExtensibilityGlobals) = postSolution
		SolutionGuid = {DFBB3117-EC3B-45F5-9CB6-6CC0DF2511CF}
	EndGlobalSection
EndGlobal
