
Microsoft Visual Studio Solution File, Format Version 12.00
# Visual Studio Version 17
VisualStudioVersion = 17.7.34018.315
MinimumVisualStudioVersion = 10.0.40219.1
Project("{FAE04EC0-301F-11D3-BF4B-00C04F79EFBC}") = "lab2NumerosPrimos", "lab2NumerosPrimos\lab2NumerosPrimos.csproj", "{3CFC7C2E-1FED-42C7-923D-D063EF3B1E9E}"
EndProject
Global
	GlobalSection(SolutionConfigurationPlatforms) = preSolution
		Debug|Any CPU = Debug|Any CPU
		Release|Any CPU = Release|Any CPU
	EndGlobalSection
	GlobalSection(ProjectConfigurationPlatforms) = postSolution
		{3CFC7C2E-1FED-42C7-923D-D063EF3B1E9E}.Debug|Any CPU.ActiveCfg = Debug|Any CPU
		{3CFC7C2E-1FED-42C7-923D-D063EF3B1E9E}.Debug|Any CPU.Build.0 = Debug|Any CPU
		{3CFC7C2E-1FED-42C7-923D-D063EF3B1E9E}.Release|Any CPU.ActiveCfg = Release|Any CPU
		{3CFC7C2E-1FED-42C7-923D-D063EF3B1E9E}.Release|Any CPU.Build.0 = Release|Any CPU
	EndGlobalSection
	GlobalSection(SolutionProperties) = preSolution
		HideSolutionNode = FALSE
	EndGlobalSection
	GlobalSection(ExtensibilityGlobals) = postSolution
		SolutionGuid = {DE755C4E-BE1F-4B62-BC84-5F217A5248CF}
	EndGlobalSection
EndGlobal
