
Microsoft Visual Studio Solution File, Format Version 12.00
# Visual Studio Version 17
VisualStudioVersion = 17.7.34018.315
MinimumVisualStudioVersion = 10.0.40219.1
Project("{FAE04EC0-301F-11D3-BF4B-00C04F79EFBC}") = "lab2IMC", "lab2IMC\lab2IMC.csproj", "{58F5E3D8-B35C-4AD2-B7FF-07E979A63689}"
EndProject
Global
	GlobalSection(SolutionConfigurationPlatforms) = preSolution
		Debug|Any CPU = Debug|Any CPU
		Release|Any CPU = Release|Any CPU
	EndGlobalSection
	GlobalSection(ProjectConfigurationPlatforms) = postSolution
		{58F5E3D8-B35C-4AD2-B7FF-07E979A63689}.Debug|Any CPU.ActiveCfg = Debug|Any CPU
		{58F5E3D8-B35C-4AD2-B7FF-07E979A63689}.Debug|Any CPU.Build.0 = Debug|Any CPU
		{58F5E3D8-B35C-4AD2-B7FF-07E979A63689}.Release|Any CPU.ActiveCfg = Release|Any CPU
		{58F5E3D8-B35C-4AD2-B7FF-07E979A63689}.Release|Any CPU.Build.0 = Release|Any CPU
	EndGlobalSection
	GlobalSection(SolutionProperties) = preSolution
		HideSolutionNode = FALSE
	EndGlobalSection
	GlobalSection(ExtensibilityGlobals) = postSolution
		SolutionGuid = {FB4C0EA4-F858-4168-A3BF-1EE54043AA71}
	EndGlobalSection
EndGlobal
