
Microsoft Visual Studio Solution File, Format Version 12.00
# Visual Studio Version 17
VisualStudioVersion = 17.7.34018.315
MinimumVisualStudioVersion = 10.0.40219.1
Project("{FAE04EC0-301F-11D3-BF4B-00C04F79EFBC}") = "lab4Factura", "lab4Factura\lab4Factura.csproj", "{6546B627-4770-425B-B0B8-ED6578CF8B55}"
EndProject
Global
	GlobalSection(SolutionConfigurationPlatforms) = preSolution
		Debug|Any CPU = Debug|Any CPU
		Release|Any CPU = Release|Any CPU
	EndGlobalSection
	GlobalSection(ProjectConfigurationPlatforms) = postSolution
		{6546B627-4770-425B-B0B8-ED6578CF8B55}.Debug|Any CPU.ActiveCfg = Debug|Any CPU
		{6546B627-4770-425B-B0B8-ED6578CF8B55}.Debug|Any CPU.Build.0 = Debug|Any CPU
		{6546B627-4770-425B-B0B8-ED6578CF8B55}.Release|Any CPU.ActiveCfg = Release|Any CPU
		{6546B627-4770-425B-B0B8-ED6578CF8B55}.Release|Any CPU.Build.0 = Release|Any CPU
	EndGlobalSection
	GlobalSection(SolutionProperties) = preSolution
		HideSolutionNode = FALSE
	EndGlobalSection
	GlobalSection(ExtensibilityGlobals) = postSolution
		SolutionGuid = {27FCCDAD-6C19-445A-ADF4-51BD1F9F4672}
	EndGlobalSection
EndGlobal
